Microsoft Visual Studio Solution File, Format Version 12.00
# Visual Studio 2012
Project("{FAE04EC0-301F-11D3-BF4B-00C04F79EFBC}") = "Snake", "Snake.csproj", "{3E90BB5A-965E-48AA-948F-B3874D3467FC}"
EndProject
Global
	GlobalSection(SolutionConfigurationPlatforms) = preSolution
	Debug|Any CPU = Debug|Any CPU
	ExportDebug|Any CPU = ExportDebug|Any CPU
	ExportRelease|Any CPU = ExportRelease|Any CPU
	EndGlobalSection
	GlobalSection(ProjectConfigurationPlatforms) = postSolution
		{3E90BB5A-965E-48AA-948F-B3874D3467FC}.Debug|Any CPU.ActiveCfg = Debug|Any CPU
		{3E90BB5A-965E-48AA-948F-B3874D3467FC}.Debug|Any CPU.Build.0 = Debug|Any CPU
		{3E90BB5A-965E-48AA-948F-B3874D3467FC}.ExportDebug|Any CPU.ActiveCfg = ExportDebug|Any CPU
		{3E90BB5A-965E-48AA-948F-B3874D3467FC}.ExportDebug|Any CPU.Build.0 = ExportDebug|Any CPU
		{3E90BB5A-965E-48AA-948F-B3874D3467FC}.ExportRelease|Any CPU.ActiveCfg = ExportRelease|Any CPU
		{3E90BB5A-965E-48AA-948F-B3874D3467FC}.ExportRelease|Any CPU.Build.0 = ExportRelease|Any CPU
	EndGlobalSection
EndGlobal
