
Microsoft Visual Studio Solution File, Format Version 12.00
# Visual Studio Version 16
VisualStudioVersion = 16.0.31005.135
MinimumVisualStudioVersion = 10.0.40219.1
Project("{FAE04EC0-301F-11D3-BF4B-00C04F79EFBC}") = "Tetris", "Tetris\Tetris.csproj", "{26807F7A-BCE6-407E-9232-B0A1BB5EC10B}"
EndProject
Global
	GlobalSection(SolutionConfigurationPlatforms) = preSolution
		Debug|Any CPU = Debug|Any CPU
		Release|Any CPU = Release|Any CPU
	EndGlobalSection
	GlobalSection(ProjectConfigurationPlatforms) = postSolution
		{26807F7A-BCE6-407E-9232-B0A1BB5EC10B}.Debug|Any CPU.ActiveCfg = Debug|Any CPU
		{26807F7A-BCE6-407E-9232-B0A1BB5EC10B}.Debug|Any CPU.Build.0 = Debug|Any CPU
		{26807F7A-BCE6-407E-9232-B0A1BB5EC10B}.Release|Any CPU.ActiveCfg = Release|Any CPU
		{26807F7A-BCE6-407E-9232-B0A1BB5EC10B}.Release|Any CPU.Build.0 = Release|Any CPU
	EndGlobalSection
	GlobalSection(SolutionProperties) = preSolution
		HideSolutionNode = FALSE
	EndGlobalSection
	GlobalSection(ExtensibilityGlobals) = postSolution
		SolutionGuid = {FB9A5D5E-761C-4922-99D8-7D6B6C563640}
	EndGlobalSection
EndGlobal
